
Microsoft Visual Studio Solution File, Format Version 12.00
# Visual Studio Version 17
VisualStudioVersion = 17.6.33723.286
MinimumVisualStudioVersion = 10.0.40219.1
Project("{FAE04EC0-301F-11D3-BF4B-00C04F79EFBC}") = "Calculadora_Estándar", "Calculadora_Estándar\Calculadora_Estándar.csproj", "{20C451C7-8199-40C6-996F-157843F06A36}"
EndProject
Global
	GlobalSection(SolutionConfigurationPlatforms) = preSolution
		Debug|Any CPU = Debug|Any CPU
		Release|Any CPU = Release|Any CPU
	EndGlobalSection
	GlobalSection(ProjectConfigurationPlatforms) = postSolution
		{20C451C7-8199-40C6-996F-157843F06A36}.Debug|Any CPU.ActiveCfg = Debug|Any CPU
		{20C451C7-8199-40C6-996F-157843F06A36}.Debug|Any CPU.Build.0 = Debug|Any CPU
		{20C451C7-8199-40C6-996F-157843F06A36}.Release|Any CPU.ActiveCfg = Release|Any CPU
		{20C451C7-8199-40C6-996F-157843F06A36}.Release|Any CPU.Build.0 = Release|Any CPU
	EndGlobalSection
	GlobalSection(SolutionProperties) = preSolution
		HideSolutionNode = FALSE
	EndGlobalSection
	GlobalSection(ExtensibilityGlobals) = postSolution
		SolutionGuid = {7E762F6A-3711-4720-ABDB-DDE5E9844F3E}
	EndGlobalSection
EndGlobal
